
Microsoft Visual Studio Solution File, Format Version 12.00
# Visual Studio 2013
VisualStudioVersion = 12.0.30110.0
MinimumVisualStudioVersion = 10.0.40219.1
Project("{FAE04EC0-301F-11D3-BF4B-00C04F79EFBC}") = "Hopnscotch.Portal.Web", "Hopnscotch.Portal.Web\Hopnscotch.Portal.Web.csproj", "{E756C393-C622-41D9-8699-B4C724C2CF58}"
EndProject
Project("{FAE04EC0-301F-11D3-BF4B-00C04F79EFBC}") = "Hopnscotch.Integration.AmoCRM", "Hopnscotch.Integration.AmoCRM\Hopnscotch.Integration.AmoCRM.csproj", "{30DB527B-7DFD-4599-9AB8-69003A15AE87}"
EndProject
Project("{FAE04EC0-301F-11D3-BF4B-00C04F79EFBC}") = "Hopnscotch.Portal.ConsoleTester", "Hopnscotch.Portal.ConsoleTester\Hopnscotch.Portal.ConsoleTester.csproj", "{5077FD04-4DDB-49BA-958F-2A4DDA807E03}"
EndProject
Global
	GlobalSection(SolutionConfigurationPlatforms) = preSolution
		Debug|Any CPU = Debug|Any CPU
		Release|Any CPU = Release|Any CPU
	EndGlobalSection
	GlobalSection(ProjectConfigurationPlatforms) = postSolution
		{E756C393-C622-41D9-8699-B4C724C2CF58}.Debug|Any CPU.ActiveCfg = Debug|Any CPU
		{E756C393-C622-41D9-8699-B4C724C2CF58}.Debug|Any CPU.Build.0 = Debug|Any CPU
		{E756C393-C622-41D9-8699-B4C724C2CF58}.Release|Any CPU.ActiveCfg = Release|Any CPU
		{E756C393-C622-41D9-8699-B4C724C2CF58}.Release|Any CPU.Build.0 = Release|Any CPU
		{30DB527B-7DFD-4599-9AB8-69003A15AE87}.Debug|Any CPU.ActiveCfg = Debug|Any CPU
		{30DB527B-7DFD-4599-9AB8-69003A15AE87}.Debug|Any CPU.Build.0 = Debug|Any CPU
		{30DB527B-7DFD-4599-9AB8-69003A15AE87}.Release|Any CPU.ActiveCfg = Release|Any CPU
		{30DB527B-7DFD-4599-9AB8-69003A15AE87}.Release|Any CPU.Build.0 = Release|Any CPU
		{5077FD04-4DDB-49BA-958F-2A4DDA807E03}.Debug|Any CPU.ActiveCfg = Debug|Any CPU
		{5077FD04-4DDB-49BA-958F-2A4DDA807E03}.Debug|Any CPU.Build.0 = Debug|Any CPU
		{5077FD04-4DDB-49BA-958F-2A4DDA807E03}.Release|Any CPU.ActiveCfg = Release|Any CPU
		{5077FD04-4DDB-49BA-958F-2A4DDA807E03}.Release|Any CPU.Build.0 = Release|Any CPU
	EndGlobalSection
	GlobalSection(SolutionProperties) = preSolution
		HideSolutionNode = FALSE
	EndGlobalSection
EndGlobal
