
Microsoft Visual Studio Solution File, Format Version 12.00
# Visual Studio 2013
VisualStudioVersion = 12.0.30110.0
MinimumVisualStudioVersion = 10.0.40219.1
Project("{FAE04EC0-301F-11D3-BF4B-00C04F79EFBC}") = "Hopnscotch.Portal.Integration.AmoCRM", "Hopnscotch.Integration.AmoCRM\Hopnscotch.Portal.Integration.AmoCRM.csproj", "{30DB527B-7DFD-4599-9AB8-69003A15AE87}"
EndProject
Project("{FAE04EC0-301F-11D3-BF4B-00C04F79EFBC}") = "Hopnscotch.Portal.Web", "Hopnscotch.Portal.Web\Hopnscotch.Portal.Web.csproj", "{5AA41633-BDB4-450F-B468-8CA8347A1686}"
EndProject
Project("{FAE04EC0-301F-11D3-BF4B-00C04F79EFBC}") = "Hopnscotch.Portal.Data", "Hopnscotch.Portal.Data\Hopnscotch.Portal.Data.csproj", "{D103D0AB-E080-47E6-A335-7267F3E80268}"
EndProject
Project("{FAE04EC0-301F-11D3-BF4B-00C04F79EFBC}") = "Hopnscotch.Portal.Model", "Hopnscotch.Portal.Model\Hopnscotch.Portal.Model.csproj", "{5AADEBF6-4D73-403C-9E2C-39E7BF31543C}"
EndProject
Project("{FAE04EC0-301F-11D3-BF4B-00C04F79EFBC}") = "Hopnscotch.Portal.Contracts", "Hopnscotch.Portal.Contracts\Hopnscotch.Portal.Contracts.csproj", "{96E1D3A1-41D5-4846-814B-8D1CB4285EA6}"
EndProject
Project("{FAE04EC0-301F-11D3-BF4B-00C04F79EFBC}") = "Hopnscotch.Portal.Import", "Hopnscotch.Portal.Import\Hopnscotch.Portal.Import.csproj", "{C55B0083-97A7-4985-A411-4827BF83D44E}"
EndProject
Global
	GlobalSection(SolutionConfigurationPlatforms) = preSolution
		Debug|Any CPU = Debug|Any CPU
		Release|Any CPU = Release|Any CPU
	EndGlobalSection
	GlobalSection(ProjectConfigurationPlatforms) = postSolution
		{30DB527B-7DFD-4599-9AB8-69003A15AE87}.Debug|Any CPU.ActiveCfg = Debug|Any CPU
		{30DB527B-7DFD-4599-9AB8-69003A15AE87}.Debug|Any CPU.Build.0 = Debug|Any CPU
		{30DB527B-7DFD-4599-9AB8-69003A15AE87}.Release|Any CPU.ActiveCfg = Release|Any CPU
		{30DB527B-7DFD-4599-9AB8-69003A15AE87}.Release|Any CPU.Build.0 = Release|Any CPU
		{5AA41633-BDB4-450F-B468-8CA8347A1686}.Debug|Any CPU.ActiveCfg = Debug|Any CPU
		{5AA41633-BDB4-450F-B468-8CA8347A1686}.Debug|Any CPU.Build.0 = Debug|Any CPU
		{5AA41633-BDB4-450F-B468-8CA8347A1686}.Release|Any CPU.ActiveCfg = Release|Any CPU
		{5AA41633-BDB4-450F-B468-8CA8347A1686}.Release|Any CPU.Build.0 = Release|Any CPU
		{D103D0AB-E080-47E6-A335-7267F3E80268}.Debug|Any CPU.ActiveCfg = Debug|Any CPU
		{D103D0AB-E080-47E6-A335-7267F3E80268}.Debug|Any CPU.Build.0 = Debug|Any CPU
		{D103D0AB-E080-47E6-A335-7267F3E80268}.Release|Any CPU.ActiveCfg = Release|Any CPU
		{D103D0AB-E080-47E6-A335-7267F3E80268}.Release|Any CPU.Build.0 = Release|Any CPU
		{5AADEBF6-4D73-403C-9E2C-39E7BF31543C}.Debug|Any CPU.ActiveCfg = Debug|Any CPU
		{5AADEBF6-4D73-403C-9E2C-39E7BF31543C}.Debug|Any CPU.Build.0 = Debug|Any CPU
		{5AADEBF6-4D73-403C-9E2C-39E7BF31543C}.Release|Any CPU.ActiveCfg = Release|Any CPU
		{5AADEBF6-4D73-403C-9E2C-39E7BF31543C}.Release|Any CPU.Build.0 = Release|Any CPU
		{96E1D3A1-41D5-4846-814B-8D1CB4285EA6}.Debug|Any CPU.ActiveCfg = Debug|Any CPU
		{96E1D3A1-41D5-4846-814B-8D1CB4285EA6}.Debug|Any CPU.Build.0 = Debug|Any CPU
		{96E1D3A1-41D5-4846-814B-8D1CB4285EA6}.Release|Any CPU.ActiveCfg = Release|Any CPU
		{96E1D3A1-41D5-4846-814B-8D1CB4285EA6}.Release|Any CPU.Build.0 = Release|Any CPU
		{C55B0083-97A7-4985-A411-4827BF83D44E}.Debug|Any CPU.ActiveCfg = Debug|Any CPU
		{C55B0083-97A7-4985-A411-4827BF83D44E}.Debug|Any CPU.Build.0 = Debug|Any CPU
		{C55B0083-97A7-4985-A411-4827BF83D44E}.Release|Any CPU.ActiveCfg = Release|Any CPU
		{C55B0083-97A7-4985-A411-4827BF83D44E}.Release|Any CPU.Build.0 = Release|Any CPU
	EndGlobalSection
	GlobalSection(SolutionProperties) = preSolution
		HideSolutionNode = FALSE
	EndGlobalSection
EndGlobal
